
Microsoft Visual Studio Solution File, Format Version 12.00
# Visual Studio Version 17
VisualStudioVersion = 17.2.32516.85
MinimumVisualStudioVersion = 10.0.40219.1
Project("{FAE04EC0-301F-11D3-BF4B-00C04F79EFBC}") = "RevitTimasBIMTools", "RevitTimasBIMTools.csproj", "{41093622-EED0-4117-B66C-BAF1B6B94DEE}"
EndProject
Project("{D954291E-2A0B-460D-934E-DC6B0785DB48}") = "Revit.Async.Shared", "..\..\RevitAddingTemplate\Revit.Async-master\Revit.Async.Shared\Revit.Async.Shared.shproj", "{26214B67-5134-4C0A-86A6-51128E71AFE2}"
EndProject
Global
	GlobalSection(SolutionConfigurationPlatforms) = preSolution
		2019|Any CPU = 2019|Any CPU
		2019|x64 = 2019|x64
		2019|x86 = 2019|x86
		Debug|Any CPU = Debug|Any CPU
		Debug|x64 = Debug|x64
		Debug|x86 = Debug|x86
		Release|Any CPU = Release|Any CPU
		Release|x64 = Release|x64
		Release|x86 = Release|x86
	EndGlobalSection
	GlobalSection(ProjectConfigurationPlatforms) = postSolution
		{41093622-EED0-4117-B66C-BAF1B6B94DEE}.2019|Any CPU.ActiveCfg = 2019|Any CPU
		{41093622-EED0-4117-B66C-BAF1B6B94DEE}.2019|Any CPU.Build.0 = 2019|Any CPU
		{41093622-EED0-4117-B66C-BAF1B6B94DEE}.2019|x64.ActiveCfg = 2019|Any CPU
		{41093622-EED0-4117-B66C-BAF1B6B94DEE}.2019|x64.Build.0 = 2019|Any CPU
		{41093622-EED0-4117-B66C-BAF1B6B94DEE}.2019|x86.ActiveCfg = 2019|Any CPU
		{41093622-EED0-4117-B66C-BAF1B6B94DEE}.2019|x86.Build.0 = 2019|Any CPU
		{41093622-EED0-4117-B66C-BAF1B6B94DEE}.Debug|Any CPU.ActiveCfg = Debug|Any CPU
		{41093622-EED0-4117-B66C-BAF1B6B94DEE}.Debug|Any CPU.Build.0 = Debug|Any CPU
		{41093622-EED0-4117-B66C-BAF1B6B94DEE}.Debug|x64.ActiveCfg = Debug|x64
		{41093622-EED0-4117-B66C-BAF1B6B94DEE}.Debug|x64.Build.0 = Debug|x64
		{41093622-EED0-4117-B66C-BAF1B6B94DEE}.Debug|x86.ActiveCfg = Debug|Any CPU
		{41093622-EED0-4117-B66C-BAF1B6B94DEE}.Debug|x86.Build.0 = Debug|Any CPU
		{41093622-EED0-4117-B66C-BAF1B6B94DEE}.Release|Any CPU.ActiveCfg = Release|Any CPU
		{41093622-EED0-4117-B66C-BAF1B6B94DEE}.Release|Any CPU.Build.0 = Release|Any CPU
		{41093622-EED0-4117-B66C-BAF1B6B94DEE}.Release|x64.ActiveCfg = 2019|x64
		{41093622-EED0-4117-B66C-BAF1B6B94DEE}.Release|x64.Build.0 = 2019|x64
		{41093622-EED0-4117-B66C-BAF1B6B94DEE}.Release|x86.ActiveCfg = Release|Any CPU
		{41093622-EED0-4117-B66C-BAF1B6B94DEE}.Release|x86.Build.0 = Release|Any CPU
	EndGlobalSection
	GlobalSection(SolutionProperties) = preSolution
		HideSolutionNode = FALSE
	EndGlobalSection
	GlobalSection(ExtensibilityGlobals) = postSolution
		SolutionGuid = {D2E3A7D9-CD23-4231-8B89-8F78975EE1CE}
	EndGlobalSection
	GlobalSection(SharedMSBuildProjectFiles) = preSolution
		..\..\RevitAddingTemplate\Revit.Async-master\Revit.Async.Shared\Revit.Async.Shared.projitems*{26214b67-5134-4c0a-86a6-51128e71afe2}*SharedItemsImports = 13
		..\..\RevitAddingTemplate\Revit.Async-master\Revit.Async.Shared\Revit.Async.Shared.projitems*{41093622-eed0-4117-b66c-baf1b6b94dee}*SharedItemsImports = 4
	EndGlobalSection
EndGlobal
